// !$*UTF8*$!
{
	archiveVersion = 1;
	classes = {
	};
	objectVersion = 55;
	objects = {

/* Begin PBXBuildFile section */
		024ACDD58C146444E5AFAA68 /* Pods_PokeStats_PokeStatsUITests.framework in Frameworks */ = {isa = PBXBuildFile; fileRef = 2C53BB72FF3494CB8DFB146E /* Pods_PokeStats_PokeStatsUITests.framework */; };
		0EE17B5564DA2509CB962B98 /* Pods_PokeStatsTests.framework in Frameworks */ = {isa = PBXBuildFile; fileRef = 654BF1E0F50220F3A8DEE28B /* Pods_PokeStatsTests.framework */; };
		517C58461B8F6265D68DB6B0 /* Pods_PokeStats.framework in Frameworks */ = {isa = PBXBuildFile; fileRef = 4A3582C47EA2B6ADDADC9BF8 /* Pods_PokeStats.framework */; };
		B8246C9F28B7DDB2004C416C /* PokemonLaunchLogo.png in Resources */ = {isa = PBXBuildFile; fileRef = B8246C9E28B7DDB1004C416C /* PokemonLaunchLogo.png */; };
		B8246CA628B7FA71004C416C /* API.swift in Sources */ = {isa = PBXBuildFile; fileRef = B8246CA528B7FA71004C416C /* API.swift */; };
		B8246CA828B7FE31004C416C /* Pokedex.swift in Sources */ = {isa = PBXBuildFile; fileRef = B8246CA728B7FE31004C416C /* Pokedex.swift */; };
		B8246CAE28B93CC0004C416C /* CustomError.swift in Sources */ = {isa = PBXBuildFile; fileRef = B8246CAD28B93CC0004C416C /* CustomError.swift */; };
		B8246CB228BC2486004C416C /* Launch.storyboard in Resources */ = {isa = PBXBuildFile; fileRef = B83222DF28B7C1BC002C1731 /* Launch.storyboard */; };
		B8246CB628BC2D65004C416C /* Main.storyboard in Resources */ = {isa = PBXBuildFile; fileRef = B8246CB528BC2D65004C416C /* Main.storyboard */; };
		B8246CB828BC580D004C416C /* HomeViewController.swift in Sources */ = {isa = PBXBuildFile; fileRef = B8246CB728BC580D004C416C /* HomeViewController.swift */; };
		B8246CC028BE4C2E004C416C /* WhoIsPlaceholder.png in Resources */ = {isa = PBXBuildFile; fileRef = B8246CBF28BE4C2C004C416C /* WhoIsPlaceholder.png */; };
		B83222DA28B7C1BB002C1731 /* AppDelegate.swift in Sources */ = {isa = PBXBuildFile; fileRef = B83222D928B7C1BB002C1731 /* AppDelegate.swift */; };
		B83222DC28B7C1BB002C1731 /* SceneDelegate.swift in Sources */ = {isa = PBXBuildFile; fileRef = B83222DB28B7C1BB002C1731 /* SceneDelegate.swift */; };
		B83222DE28B7C1BB002C1731 /* LaunchViewController.swift in Sources */ = {isa = PBXBuildFile; fileRef = B83222DD28B7C1BB002C1731 /* LaunchViewController.swift */; };
		B83222E328B7C1D3002C1731 /* Assets.xcassets in Resources */ = {isa = PBXBuildFile; fileRef = B83222E228B7C1D3002C1731 /* Assets.xcassets */; };
		B83222F128B7C1D4002C1731 /* PokeStatsTests.swift in Sources */ = {isa = PBXBuildFile; fileRef = B83222F028B7C1D4002C1731 /* PokeStatsTests.swift */; };
		B83222FB28B7C1D5002C1731 /* PokeStatsUITests.swift in Sources */ = {isa = PBXBuildFile; fileRef = B83222FA28B7C1D5002C1731 /* PokeStatsUITests.swift */; };
		B83222FD28B7C1D5002C1731 /* PokeStatsUITestsLaunchTests.swift in Sources */ = {isa = PBXBuildFile; fileRef = B83222FC28B7C1D5002C1731 /* PokeStatsUITestsLaunchTests.swift */; };
		B8974CA428BE57C200470F17 /* PokemonDetailViewController.swift in Sources */ = {isa = PBXBuildFile; fileRef = B8974CA328BE57C100470F17 /* PokemonDetailViewController.swift */; };
		B8974CA628BE98C200470F17 /* DetailStrings.strings in Resources */ = {isa = PBXBuildFile; fileRef = B8974CA528BE98C100470F17 /* DetailStrings.strings */; };
		B8974CA828BE9B6800470F17 /* String+Localized.swift in Sources */ = {isa = PBXBuildFile; fileRef = B8974CA728BE9B6800470F17 /* String+Localized.swift */; };
		B8974CAB28BE9C3000470F17 /* DetailStrings.swift in Sources */ = {isa = PBXBuildFile; fileRef = B8974CAA28BE9C3000470F17 /* DetailStrings.swift */; };
/* End PBXBuildFile section */

/* Begin PBXContainerItemProxy section */
		B83222ED28B7C1D4002C1731 /* PBXContainerItemProxy */ = {
			isa = PBXContainerItemProxy;
			containerPortal = B83222CE28B7C1BB002C1731 /* Project object */;
			proxyType = 1;
			remoteGlobalIDString = B83222D528B7C1BB002C1731;
			remoteInfo = PokeStats;
		};
		B83222F728B7C1D5002C1731 /* PBXContainerItemProxy */ = {
			isa = PBXContainerItemProxy;
			containerPortal = B83222CE28B7C1BB002C1731 /* Project object */;
			proxyType = 1;
			remoteGlobalIDString = B83222D528B7C1BB002C1731;
			remoteInfo = PokeStats;
		};
/* End PBXContainerItemProxy section */

/* Begin PBXFileReference section */
		2C53BB72FF3494CB8DFB146E /* Pods_PokeStats_PokeStatsUITests.framework */ = {isa = PBXFileReference; explicitFileType = wrapper.framework; includeInIndex = 0; path = Pods_PokeStats_PokeStatsUITests.framework; sourceTree = BUILT_PRODUCTS_DIR; };
		4A3582C47EA2B6ADDADC9BF8 /* Pods_PokeStats.framework */ = {isa = PBXFileReference; explicitFileType = wrapper.framework; includeInIndex = 0; path = Pods_PokeStats.framework; sourceTree = BUILT_PRODUCTS_DIR; };
		63345BDD4A06E4118F1A9A73 /* Pods-PokeStats.debug.xcconfig */ = {isa = PBXFileReference; includeInIndex = 1; lastKnownFileType = text.xcconfig; name = "Pods-PokeStats.debug.xcconfig"; path = "Target Support Files/Pods-PokeStats/Pods-PokeStats.debug.xcconfig"; sourceTree = "<group>"; };
		654BF1E0F50220F3A8DEE28B /* Pods_PokeStatsTests.framework */ = {isa = PBXFileReference; explicitFileType = wrapper.framework; includeInIndex = 0; path = Pods_PokeStatsTests.framework; sourceTree = BUILT_PRODUCTS_DIR; };
		9D8C4547E6C87017A8CFBFB5 /* Pods-PokeStatsTests.release.xcconfig */ = {isa = PBXFileReference; includeInIndex = 1; lastKnownFileType = text.xcconfig; name = "Pods-PokeStatsTests.release.xcconfig"; path = "Target Support Files/Pods-PokeStatsTests/Pods-PokeStatsTests.release.xcconfig"; sourceTree = "<group>"; };
		9F84771D302861AA0F8B3A06 /* Pods-PokeStats-PokeStatsUITests.debug.xcconfig */ = {isa = PBXFileReference; includeInIndex = 1; lastKnownFileType = text.xcconfig; name = "Pods-PokeStats-PokeStatsUITests.debug.xcconfig"; path = "Target Support Files/Pods-PokeStats-PokeStatsUITests/Pods-PokeStats-PokeStatsUITests.debug.xcconfig"; sourceTree = "<group>"; };
		B3CB9D34F173EF112611A2ED /* Pods-PokeStatsTests.debug.xcconfig */ = {isa = PBXFileReference; includeInIndex = 1; lastKnownFileType = text.xcconfig; name = "Pods-PokeStatsTests.debug.xcconfig"; path = "Target Support Files/Pods-PokeStatsTests/Pods-PokeStatsTests.debug.xcconfig"; sourceTree = "<group>"; };
		B8246C9E28B7DDB1004C416C /* PokemonLaunchLogo.png */ = {isa = PBXFileReference; lastKnownFileType = image.png; path = PokemonLaunchLogo.png; sourceTree = "<group>"; };
		B8246CA528B7FA71004C416C /* API.swift */ = {isa = PBXFileReference; lastKnownFileType = sourcecode.swift; path = API.swift; sourceTree = "<group>"; };
		B8246CA728B7FE31004C416C /* Pokedex.swift */ = {isa = PBXFileReference; lastKnownFileType = sourcecode.swift; path = Pokedex.swift; sourceTree = "<group>"; };
		B8246CAD28B93CC0004C416C /* CustomError.swift */ = {isa = PBXFileReference; lastKnownFileType = sourcecode.swift; path = CustomError.swift; sourceTree = "<group>"; };
		B8246CB528BC2D65004C416C /* Main.storyboard */ = {isa = PBXFileReference; lastKnownFileType = file.storyboard; path = Main.storyboard; sourceTree = "<group>"; };
		B8246CB728BC580D004C416C /* HomeViewController.swift */ = {isa = PBXFileReference; lastKnownFileType = sourcecode.swift; path = HomeViewController.swift; sourceTree = "<group>"; };
		B8246CBF28BE4C2C004C416C /* WhoIsPlaceholder.png */ = {isa = PBXFileReference; lastKnownFileType = image.png; path = WhoIsPlaceholder.png; sourceTree = "<group>"; };
		B83222D628B7C1BB002C1731 /* PokeStats.app */ = {isa = PBXFileReference; explicitFileType = wrapper.application; includeInIndex = 0; path = PokeStats.app; sourceTree = BUILT_PRODUCTS_DIR; };
		B83222D928B7C1BB002C1731 /* AppDelegate.swift */ = {isa = PBXFileReference; lastKnownFileType = sourcecode.swift; path = AppDelegate.swift; sourceTree = "<group>"; };
		B83222DB28B7C1BB002C1731 /* SceneDelegate.swift */ = {isa = PBXFileReference; lastKnownFileType = sourcecode.swift; path = SceneDelegate.swift; sourceTree = "<group>"; };
		B83222DD28B7C1BB002C1731 /* LaunchViewController.swift */ = {isa = PBXFileReference; lastKnownFileType = sourcecode.swift; path = LaunchViewController.swift; sourceTree = "<group>"; };
		B83222E028B7C1BC002C1731 /* Base */ = {isa = PBXFileReference; lastKnownFileType = file.storyboard; name = Base; path = Base.lproj/Launch.storyboard; sourceTree = "<group>"; };
		B83222E228B7C1D3002C1731 /* Assets.xcassets */ = {isa = PBXFileReference; lastKnownFileType = folder.assetcatalog; path = Assets.xcassets; sourceTree = "<group>"; };
		B83222E728B7C1D3002C1731 /* Info.plist */ = {isa = PBXFileReference; lastKnownFileType = text.plist.xml; path = Info.plist; sourceTree = "<group>"; };
		B83222EC28B7C1D4002C1731 /* PokeStatsTests.xctest */ = {isa = PBXFileReference; explicitFileType = wrapper.cfbundle; includeInIndex = 0; path = PokeStatsTests.xctest; sourceTree = BUILT_PRODUCTS_DIR; };
		B83222F028B7C1D4002C1731 /* PokeStatsTests.swift */ = {isa = PBXFileReference; lastKnownFileType = sourcecode.swift; path = PokeStatsTests.swift; sourceTree = "<group>"; };
		B83222F628B7C1D5002C1731 /* PokeStatsUITests.xctest */ = {isa = PBXFileReference; explicitFileType = wrapper.cfbundle; includeInIndex = 0; path = PokeStatsUITests.xctest; sourceTree = BUILT_PRODUCTS_DIR; };
		B83222FA28B7C1D5002C1731 /* PokeStatsUITests.swift */ = {isa = PBXFileReference; lastKnownFileType = sourcecode.swift; path = PokeStatsUITests.swift; sourceTree = "<group>"; };
		B83222FC28B7C1D5002C1731 /* PokeStatsUITestsLaunchTests.swift */ = {isa = PBXFileReference; lastKnownFileType = sourcecode.swift; path = PokeStatsUITestsLaunchTests.swift; sourceTree = "<group>"; };
		B8974CA328BE57C100470F17 /* PokemonDetailViewController.swift */ = {isa = PBXFileReference; lastKnownFileType = sourcecode.swift; path = PokemonDetailViewController.swift; sourceTree = "<group>"; };
		B8974CA528BE98C100470F17 /* DetailStrings.strings */ = {isa = PBXFileReference; lastKnownFileType = text.plist.strings; path = DetailStrings.strings; sourceTree = "<group>"; };
		B8974CA728BE9B6800470F17 /* String+Localized.swift */ = {isa = PBXFileReference; lastKnownFileType = sourcecode.swift; path = "String+Localized.swift"; sourceTree = "<group>"; };
		B8974CAA28BE9C3000470F17 /* DetailStrings.swift */ = {isa = PBXFileReference; lastKnownFileType = sourcecode.swift; path = DetailStrings.swift; sourceTree = "<group>"; };
		BC57DCBBFFFC373BC05D84AD /* Pods-PokeStats-PokeStatsUITests.release.xcconfig */ = {isa = PBXFileReference; includeInIndex = 1; lastKnownFileType = text.xcconfig; name = "Pods-PokeStats-PokeStatsUITests.release.xcconfig"; path = "Target Support Files/Pods-PokeStats-PokeStatsUITests/Pods-PokeStats-PokeStatsUITests.release.xcconfig"; sourceTree = "<group>"; };
		F837370BB5ADA1063F048031 /* Pods-PokeStats.release.xcconfig */ = {isa = PBXFileReference; includeInIndex = 1; lastKnownFileType = text.xcconfig; name = "Pods-PokeStats.release.xcconfig"; path = "Target Support Files/Pods-PokeStats/Pods-PokeStats.release.xcconfig"; sourceTree = "<group>"; };
/* End PBXFileReference section */

/* Begin PBXFrameworksBuildPhase section */
		B83222D328B7C1BB002C1731 /* Frameworks */ = {
			isa = PBXFrameworksBuildPhase;
			buildActionMask = 2147483647;
			files = (
				517C58461B8F6265D68DB6B0 /* Pods_PokeStats.framework in Frameworks */,
			);
			runOnlyForDeploymentPostprocessing = 0;
		};
		B83222E928B7C1D4002C1731 /* Frameworks */ = {
			isa = PBXFrameworksBuildPhase;
			buildActionMask = 2147483647;
			files = (
				0EE17B5564DA2509CB962B98 /* Pods_PokeStatsTests.framework in Frameworks */,
			);
			runOnlyForDeploymentPostprocessing = 0;
		};
		B83222F328B7C1D5002C1731 /* Frameworks */ = {
			isa = PBXFrameworksBuildPhase;
			buildActionMask = 2147483647;
			files = (
				024ACDD58C146444E5AFAA68 /* Pods_PokeStats_PokeStatsUITests.framework in Frameworks */,
			);
			runOnlyForDeploymentPostprocessing = 0;
		};
/* End PBXFrameworksBuildPhase section */

/* Begin PBXGroup section */
		06982AA64173953DB5634E96 /* Frameworks */ = {
			isa = PBXGroup;
			children = (
				4A3582C47EA2B6ADDADC9BF8 /* Pods_PokeStats.framework */,
				2C53BB72FF3494CB8DFB146E /* Pods_PokeStats_PokeStatsUITests.framework */,
				654BF1E0F50220F3A8DEE28B /* Pods_PokeStatsTests.framework */,
			);
			name = Frameworks;
			sourceTree = "<group>";
		};
		7E02AF778E61CF84BEFABA62 /* Pods */ = {
			isa = PBXGroup;
			children = (
				63345BDD4A06E4118F1A9A73 /* Pods-PokeStats.debug.xcconfig */,
				F837370BB5ADA1063F048031 /* Pods-PokeStats.release.xcconfig */,
				9F84771D302861AA0F8B3A06 /* Pods-PokeStats-PokeStatsUITests.debug.xcconfig */,
				BC57DCBBFFFC373BC05D84AD /* Pods-PokeStats-PokeStatsUITests.release.xcconfig */,
				B3CB9D34F173EF112611A2ED /* Pods-PokeStatsTests.debug.xcconfig */,
				9D8C4547E6C87017A8CFBFB5 /* Pods-PokeStatsTests.release.xcconfig */,
			);
			path = Pods;
			sourceTree = "<group>";
		};
		B8246CA428B7FA55004C416C /* Services */ = {
			isa = PBXGroup;
			children = (
				B8246CA528B7FA71004C416C /* API.swift */,
				B8246CAD28B93CC0004C416C /* CustomError.swift */,
			);
			path = Services;
			sourceTree = "<group>";
		};
		B8246CAB28B93683004C416C /* Core */ = {
			isa = PBXGroup;
			children = (
				B83222D928B7C1BB002C1731 /* AppDelegate.swift */,
			);
			path = Core;
			sourceTree = "<group>";
		};
		B8246CAC28B936AC004C416C /* Resources */ = {
			isa = PBXGroup;
			children = (
				B8246CBF28BE4C2C004C416C /* WhoIsPlaceholder.png */,
				B8246C9E28B7DDB1004C416C /* PokemonLaunchLogo.png */,
				B83222E228B7C1D3002C1731 /* Assets.xcassets */,
				B8974CA528BE98C100470F17 /* DetailStrings.strings */,
				B8974CAA28BE9C3000470F17 /* DetailStrings.swift */,
			);
			path = Resources;
			sourceTree = "<group>";
		};
		B83222CD28B7C1BB002C1731 = {
			isa = PBXGroup;
			children = (
				B83222D828B7C1BB002C1731 /* PokeStats */,
				B83222EF28B7C1D4002C1731 /* PokeStatsTests */,
				B83222F928B7C1D5002C1731 /* PokeStatsUITests */,
				B83222D728B7C1BB002C1731 /* Products */,
				7E02AF778E61CF84BEFABA62 /* Pods */,
				06982AA64173953DB5634E96 /* Frameworks */,
			);
			sourceTree = "<group>";
		};
		B83222D728B7C1BB002C1731 /* Products */ = {
			isa = PBXGroup;
			children = (
				B83222D628B7C1BB002C1731 /* PokeStats.app */,
				B83222EC28B7C1D4002C1731 /* PokeStatsTests.xctest */,
				B83222F628B7C1D5002C1731 /* PokeStatsUITests.xctest */,
			);
			name = Products;
			sourceTree = "<group>";
		};
		B83222D828B7C1BB002C1731 /* PokeStats */ = {
			isa = PBXGroup;
			children = (
				B8974CA928BE9B6E00470F17 /* Extensions */,
				B8246CAC28B936AC004C416C /* Resources */,
				B8246CAB28B93683004C416C /* Core */,
				B8246CA428B7FA55004C416C /* Services */,
				B8347F6328B7CE7C00239330 /* Model */,
				B8347F6228B7CE7000239330 /* View Controller */,
				B8347F6128B7CE3F00239330 /* View */,
				B83222DB28B7C1BB002C1731 /* SceneDelegate.swift */,
				B83222E728B7C1D3002C1731 /* Info.plist */,
			);
			path = PokeStats;
			sourceTree = "<group>";
		};
		B83222EF28B7C1D4002C1731 /* PokeStatsTests */ = {
			isa = PBXGroup;
			children = (
				B83222F028B7C1D4002C1731 /* PokeStatsTests.swift */,
			);
			path = PokeStatsTests;
			sourceTree = "<group>";
		};
		B83222F928B7C1D5002C1731 /* PokeStatsUITests */ = {
			isa = PBXGroup;
			children = (
				B83222FA28B7C1D5002C1731 /* PokeStatsUITests.swift */,
				B83222FC28B7C1D5002C1731 /* PokeStatsUITestsLaunchTests.swift */,
			);
			path = PokeStatsUITests;
			sourceTree = "<group>";
		};
		B8347F6128B7CE3F00239330 /* View */ = {
			isa = PBXGroup;
			children = (
				B83222DF28B7C1BC002C1731 /* Launch.storyboard */,
				B8246CB528BC2D65004C416C /* Main.storyboard */,
			);
			path = View;
			sourceTree = "<group>";
		};
		B8347F6228B7CE7000239330 /* View Controller */ = {
			isa = PBXGroup;
			children = (
				B83222DD28B7C1BB002C1731 /* LaunchViewController.swift */,
				B8246CB728BC580D004C416C /* HomeViewController.swift */,
				B8974CA328BE57C100470F17 /* PokemonDetailViewController.swift */,
			);
			path = "View Controller";
			sourceTree = "<group>";
		};
		B8347F6328B7CE7C00239330 /* Model */ = {
			isa = PBXGroup;
			children = (
				B8246CA728B7FE31004C416C /* Pokedex.swift */,
			);
			path = Model;
			sourceTree = "<group>";
		};
		B8974CA928BE9B6E00470F17 /* Extensions */ = {
			isa = PBXGroup;
			children = (
				B8974CA728BE9B6800470F17 /* String+Localized.swift */,
			);
			path = Extensions;
			sourceTree = "<group>";
		};
/* End PBXGroup section */

/* Begin PBXNativeTarget section */
		B83222D528B7C1BB002C1731 /* PokeStats */ = {
			isa = PBXNativeTarget;
			buildConfigurationList = B832230028B7C1D5002C1731 /* Build configuration list for PBXNativeTarget "PokeStats" */;
			buildPhases = (
				D852F765C12EBAC814059885 /* [CP] Check Pods Manifest.lock */,
				B83222D228B7C1BB002C1731 /* Sources */,
				B83222D328B7C1BB002C1731 /* Frameworks */,
				B83222D428B7C1BB002C1731 /* Resources */,
				861B03CA70CCCF6457AAA82D /* [CP] Embed Pods Frameworks */,
			);
			buildRules = (
			);
			dependencies = (
			);
			name = PokeStats;
			productName = PokeStats;
			productReference = B83222D628B7C1BB002C1731 /* PokeStats.app */;
			productType = "com.apple.product-type.application";
		};
		B83222EB28B7C1D4002C1731 /* PokeStatsTests */ = {
			isa = PBXNativeTarget;
			buildConfigurationList = B832230328B7C1D5002C1731 /* Build configuration list for PBXNativeTarget "PokeStatsTests" */;
			buildPhases = (
				0F6DA2C1B84E1123D854F651 /* [CP] Check Pods Manifest.lock */,
				B83222E828B7C1D4002C1731 /* Sources */,
				B83222E928B7C1D4002C1731 /* Frameworks */,
				B83222EA28B7C1D4002C1731 /* Resources */,
			);
			buildRules = (
			);
			dependencies = (
				B83222EE28B7C1D4002C1731 /* PBXTargetDependency */,
			);
			name = PokeStatsTests;
			productName = PokeStatsTests;
			productReference = B83222EC28B7C1D4002C1731 /* PokeStatsTests.xctest */;
			productType = "com.apple.product-type.bundle.unit-test";
		};
		B83222F528B7C1D5002C1731 /* PokeStatsUITests */ = {
			isa = PBXNativeTarget;
			buildConfigurationList = B832230628B7C1D5002C1731 /* Build configuration list for PBXNativeTarget "PokeStatsUITests" */;
			buildPhases = (
				B7FB3E44CB935ACE47CE5EA8 /* [CP] Check Pods Manifest.lock */,
				B83222F228B7C1D5002C1731 /* Sources */,
				B83222F328B7C1D5002C1731 /* Frameworks */,
				B83222F428B7C1D5002C1731 /* Resources */,
				5E9A648D6B73855B1942FC18 /* [CP] Embed Pods Frameworks */,
			);
			buildRules = (
			);
			dependencies = (
				B83222F828B7C1D5002C1731 /* PBXTargetDependency */,
			);
			name = PokeStatsUITests;
			productName = PokeStatsUITests;
			productReference = B83222F628B7C1D5002C1731 /* PokeStatsUITests.xctest */;
			productType = "com.apple.product-type.bundle.ui-testing";
		};
/* End PBXNativeTarget section */

/* Begin PBXProject section */
		B83222CE28B7C1BB002C1731 /* Project object */ = {
			isa = PBXProject;
			attributes = {
				BuildIndependentTargetsInParallel = 1;
				LastSwiftUpdateCheck = 1340;
				LastUpgradeCheck = 1340;
				TargetAttributes = {
					B83222D528B7C1BB002C1731 = {
						CreatedOnToolsVersion = 13.4.1;
					};
					B83222EB28B7C1D4002C1731 = {
						CreatedOnToolsVersion = 13.4.1;
						TestTargetID = B83222D528B7C1BB002C1731;
					};
					B83222F528B7C1D5002C1731 = {
						CreatedOnToolsVersion = 13.4.1;
						TestTargetID = B83222D528B7C1BB002C1731;
					};
				};
			};
			buildConfigurationList = B83222D128B7C1BB002C1731 /* Build configuration list for PBXProject "PokeStats" */;
			compatibilityVersion = "Xcode 13.0";
			developmentRegion = en;
			hasScannedForEncodings = 0;
			knownRegions = (
				en,
				Base,
			);
			mainGroup = B83222CD28B7C1BB002C1731;
			productRefGroup = B83222D728B7C1BB002C1731 /* Products */;
			projectDirPath = "";
			projectRoot = "";
			targets = (
				B83222D528B7C1BB002C1731 /* PokeStats */,
				B83222EB28B7C1D4002C1731 /* PokeStatsTests */,
				B83222F528B7C1D5002C1731 /* PokeStatsUITests */,
			);
		};
/* End PBXProject section */

/* Begin PBXResourcesBuildPhase section */
		B83222D428B7C1BB002C1731 /* Resources */ = {
			isa = PBXResourcesBuildPhase;
			buildActionMask = 2147483647;
			files = (
				B8246CB228BC2486004C416C /* Launch.storyboard in Resources */,
				B8974CA628BE98C200470F17 /* DetailStrings.strings in Resources */,
				B8246CC028BE4C2E004C416C /* WhoIsPlaceholder.png in Resources */,
				B8246C9F28B7DDB2004C416C /* PokemonLaunchLogo.png in Resources */,
				B83222E328B7C1D3002C1731 /* Assets.xcassets in Resources */,
				B8246CB628BC2D65004C416C /* Main.storyboard in Resources */,
			);
			runOnlyForDeploymentPostprocessing = 0;
		};
		B83222EA28B7C1D4002C1731 /* Resources */ = {
			isa = PBXResourcesBuildPhase;
			buildActionMask = 2147483647;
			files = (
			);
			runOnlyForDeploymentPostprocessing = 0;
		};
		B83222F428B7C1D5002C1731 /* Resources */ = {
			isa = PBXResourcesBuildPhase;
			buildActionMask = 2147483647;
			files = (
			);
			runOnlyForDeploymentPostprocessing = 0;
		};
/* End PBXResourcesBuildPhase section */

/* Begin PBXShellScriptBuildPhase section */
		0F6DA2C1B84E1123D854F651 /* [CP] Check Pods Manifest.lock */ = {
			isa = PBXShellScriptBuildPhase;
			buildActionMask = 2147483647;
			files = (
			);
			inputFileListPaths = (
			);
			inputPaths = (
				"${PODS_PODFILE_DIR_PATH}/Podfile.lock",
				"${PODS_ROOT}/Manifest.lock",
			);
			name = "[CP] Check Pods Manifest.lock";
			outputFileListPaths = (
			);
			outputPaths = (
				"$(DERIVED_FILE_DIR)/Pods-PokeStatsTests-checkManifestLockResult.txt",
			);
			runOnlyForDeploymentPostprocessing = 0;
			shellPath = /bin/sh;
			shellScript = "diff \"${PODS_PODFILE_DIR_PATH}/Podfile.lock\" \"${PODS_ROOT}/Manifest.lock\" > /dev/null\nif [ $? != 0 ] ; then\n    # print error to STDERR\n    echo \"error: The sandbox is not in sync with the Podfile.lock. Run 'pod install' or update your CocoaPods installation.\" >&2\n    exit 1\nfi\n# This output is used by Xcode 'outputs' to avoid re-running this script phase.\necho \"SUCCESS\" > \"${SCRIPT_OUTPUT_FILE_0}\"\n";
			showEnvVarsInLog = 0;
		};
		5E9A648D6B73855B1942FC18 /* [CP] Embed Pods Frameworks */ = {
			isa = PBXShellScriptBuildPhase;
			buildActionMask = 2147483647;
			files = (
			);
			inputFileListPaths = (
				"${PODS_ROOT}/Target Support Files/Pods-PokeStats-PokeStatsUITests/Pods-PokeStats-PokeStatsUITests-frameworks-${CONFIGURATION}-input-files.xcfilelist",
			);
			name = "[CP] Embed Pods Frameworks";
			outputFileListPaths = (
				"${PODS_ROOT}/Target Support Files/Pods-PokeStats-PokeStatsUITests/Pods-PokeStats-PokeStatsUITests-frameworks-${CONFIGURATION}-output-files.xcfilelist",
			);
			runOnlyForDeploymentPostprocessing = 0;
			shellPath = /bin/sh;
			shellScript = "\"${PODS_ROOT}/Target Support Files/Pods-PokeStats-PokeStatsUITests/Pods-PokeStats-PokeStatsUITests-frameworks.sh\"\n";
			showEnvVarsInLog = 0;
		};
		861B03CA70CCCF6457AAA82D /* [CP] Embed Pods Frameworks */ = {
			isa = PBXShellScriptBuildPhase;
			buildActionMask = 2147483647;
			files = (
			);
			inputFileListPaths = (
				"${PODS_ROOT}/Target Support Files/Pods-PokeStats/Pods-PokeStats-frameworks-${CONFIGURATION}-input-files.xcfilelist",
			);
			name = "[CP] Embed Pods Frameworks";
			outputFileListPaths = (
				"${PODS_ROOT}/Target Support Files/Pods-PokeStats/Pods-PokeStats-frameworks-${CONFIGURATION}-output-files.xcfilelist",
			);
			runOnlyForDeploymentPostprocessing = 0;
			shellPath = /bin/sh;
			shellScript = "\"${PODS_ROOT}/Target Support Files/Pods-PokeStats/Pods-PokeStats-frameworks.sh\"\n";
			showEnvVarsInLog = 0;
		};
		B7FB3E44CB935ACE47CE5EA8 /* [CP] Check Pods Manifest.lock */ = {
			isa = PBXShellScriptBuildPhase;
			buildActionMask = 2147483647;
			files = (
			);
			inputFileListPaths = (
			);
			inputPaths = (
				"${PODS_PODFILE_DIR_PATH}/Podfile.lock",
				"${PODS_ROOT}/Manifest.lock",
			);
			name = "[CP] Check Pods Manifest.lock";
			outputFileListPaths = (
			);
			outputPaths = (
				"$(DERIVED_FILE_DIR)/Pods-PokeStats-PokeStatsUITests-checkManifestLockResult.txt",
			);
			runOnlyForDeploymentPostprocessing = 0;
			shellPath = /bin/sh;
			shellScript = "diff \"${PODS_PODFILE_DIR_PATH}/Podfile.lock\" \"${PODS_ROOT}/Manifest.lock\" > /dev/null\nif [ $? != 0 ] ; then\n    # print error to STDERR\n    echo \"error: The sandbox is not in sync with the Podfile.lock. Run 'pod install' or update your CocoaPods installation.\" >&2\n    exit 1\nfi\n# This output is used by Xcode 'outputs' to avoid re-running this script phase.\necho \"SUCCESS\" > \"${SCRIPT_OUTPUT_FILE_0}\"\n";
			showEnvVarsInLog = 0;
		};
		D852F765C12EBAC814059885 /* [CP] Check Pods Manifest.lock */ = {
			isa = PBXShellScriptBuildPhase;
			buildActionMask = 2147483647;
			files = (
			);
			inputFileListPaths = (
			);
			inputPaths = (
				"${PODS_PODFILE_DIR_PATH}/Podfile.lock",
				"${PODS_ROOT}/Manifest.lock",
			);
			name = "[CP] Check Pods Manifest.lock";
			outputFileListPaths = (
			);
			outputPaths = (
				"$(DERIVED_FILE_DIR)/Pods-PokeStats-checkManifestLockResult.txt",
			);
			runOnlyForDeploymentPostprocessing = 0;
			shellPath = /bin/sh;
			shellScript = "diff \"${PODS_PODFILE_DIR_PATH}/Podfile.lock\" \"${PODS_ROOT}/Manifest.lock\" > /dev/null\nif [ $? != 0 ] ; then\n    # print error to STDERR\n    echo \"error: The sandbox is not in sync with the Podfile.lock. Run 'pod install' or update your CocoaPods installation.\" >&2\n    exit 1\nfi\n# This output is used by Xcode 'outputs' to avoid re-running this script phase.\necho \"SUCCESS\" > \"${SCRIPT_OUTPUT_FILE_0}\"\n";
			showEnvVarsInLog = 0;
		};
/* End PBXShellScriptBuildPhase section */

/* Begin PBXSourcesBuildPhase section */
		B83222D228B7C1BB002C1731 /* Sources */ = {
			isa = PBXSourcesBuildPhase;
			buildActionMask = 2147483647;
			files = (
				B8974CA828BE9B6800470F17 /* String+Localized.swift in Sources */,
				B83222DE28B7C1BB002C1731 /* LaunchViewController.swift in Sources */,
				B8974CAB28BE9C3000470F17 /* DetailStrings.swift in Sources */,
				B83222DA28B7C1BB002C1731 /* AppDelegate.swift in Sources */,
				B8246CA828B7FE31004C416C /* Pokedex.swift in Sources */,
				B8246CA628B7FA71004C416C /* API.swift in Sources */,
				B83222DC28B7C1BB002C1731 /* SceneDelegate.swift in Sources */,
				B8974CA428BE57C200470F17 /* PokemonDetailViewController.swift in Sources */,
				B8246CB828BC580D004C416C /* HomeViewController.swift in Sources */,
				B8246CAE28B93CC0004C416C /* CustomError.swift in Sources */,
			);
			runOnlyForDeploymentPostprocessing = 0;
		};
		B83222E828B7C1D4002C1731 /* Sources */ = {
			isa = PBXSourcesBuildPhase;
			buildActionMask = 2147483647;
			files = (
				B83222F128B7C1D4002C1731 /* PokeStatsTests.swift in Sources */,
			);
			runOnlyForDeploymentPostprocessing = 0;
		};
		B83222F228B7C1D5002C1731 /* Sources */ = {
			isa = PBXSourcesBuildPhase;
			buildActionMask = 2147483647;
			files = (
				B83222FB28B7C1D5002C1731 /* PokeStatsUITests.swift in Sources */,
				B83222FD28B7C1D5002C1731 /* PokeStatsUITestsLaunchTests.swift in Sources */,
			);
			runOnlyForDeploymentPostprocessing = 0;
		};
/* End PBXSourcesBuildPhase section */

/* Begin PBXTargetDependency section */
		B83222EE28B7C1D4002C1731 /* PBXTargetDependency */ = {
			isa = PBXTargetDependency;
			target = B83222D528B7C1BB002C1731 /* PokeStats */;
			targetProxy = B83222ED28B7C1D4002C1731 /* PBXContainerItemProxy */;
		};
		B83222F828B7C1D5002C1731 /* PBXTargetDependency */ = {
			isa = PBXTargetDependency;
			target = B83222D528B7C1BB002C1731 /* PokeStats */;
			targetProxy = B83222F728B7C1D5002C1731 /* PBXContainerItemProxy */;
		};
/* End PBXTargetDependency section */

/* Begin PBXVariantGroup section */
		B83222DF28B7C1BC002C1731 /* Launch.storyboard */ = {
			isa = PBXVariantGroup;
			children = (
				B83222E028B7C1BC002C1731 /* Base */,
			);
			name = Launch.storyboard;
			sourceTree = "<group>";
		};
/* End PBXVariantGroup section */

/* Begin XCBuildConfiguration section */
		B83222FE28B7C1D5002C1731 /* Debug */ = {
			isa = XCBuildConfiguration;
			buildSettings = {
				ALWAYS_SEARCH_USER_PATHS = NO;
				CLANG_ANALYZER_NONNULL = YES;
				CLANG_ANALYZER_NUMBER_OBJECT_CONVERSION = YES_AGGRESSIVE;
				CLANG_CXX_LANGUAGE_STANDARD = "gnu++17";
				CLANG_ENABLE_MODULES = YES;
				CLANG_ENABLE_OBJC_ARC = YES;
				CLANG_ENABLE_OBJC_WEAK = YES;
				CLANG_WARN_BLOCK_CAPTURE_AUTORELEASING = YES;
				CLANG_WARN_BOOL_CONVERSION = YES;
				CLANG_WARN_COMMA = YES;
				CLANG_WARN_CONSTANT_CONVERSION = YES;
				CLANG_WARN_DEPRECATED_OBJC_IMPLEMENTATIONS = YES;
				CLANG_WARN_DIRECT_OBJC_ISA_USAGE = YES_ERROR;
				CLANG_WARN_DOCUMENTATION_COMMENTS = YES;
				CLANG_WARN_EMPTY_BODY = YES;
				CLANG_WARN_ENUM_CONVERSION = YES;
				CLANG_WARN_INFINITE_RECURSION = YES;
				CLANG_WARN_INT_CONVERSION = YES;
				CLANG_WARN_NON_LITERAL_NULL_CONVERSION = YES;
				CLANG_WARN_OBJC_IMPLICIT_RETAIN_SELF = YES;
				CLANG_WARN_OBJC_LITERAL_CONVERSION = YES;
				CLANG_WARN_OBJC_ROOT_CLASS = YES_ERROR;
				CLANG_WARN_QUOTED_INCLUDE_IN_FRAMEWORK_HEADER = YES;
				CLANG_WARN_RANGE_LOOP_ANALYSIS = YES;
				CLANG_WARN_STRICT_PROTOTYPES = YES;
				CLANG_WARN_SUSPICIOUS_MOVE = YES;
				CLANG_WARN_UNGUARDED_AVAILABILITY = YES_AGGRESSIVE;
				CLANG_WARN_UNREACHABLE_CODE = YES;
				CLANG_WARN__DUPLICATE_METHOD_MATCH = YES;
				COPY_PHASE_STRIP = NO;
				DEBUG_INFORMATION_FORMAT = dwarf;
				ENABLE_STRICT_OBJC_MSGSEND = YES;
				ENABLE_TESTABILITY = YES;
				GCC_C_LANGUAGE_STANDARD = gnu11;
				GCC_DYNAMIC_NO_PIC = NO;
				GCC_NO_COMMON_BLOCKS = YES;
				GCC_OPTIMIZATION_LEVEL = 0;
				GCC_PREPROCESSOR_DEFINITIONS = (
					"DEBUG=1",
					"$(inherited)",
				);
				GCC_WARN_64_TO_32_BIT_CONVERSION = YES;
				GCC_WARN_ABOUT_RETURN_TYPE = YES_ERROR;
				GCC_WARN_UNDECLARED_SELECTOR = YES;
				GCC_WARN_UNINITIALIZED_AUTOS = YES_AGGRESSIVE;
				GCC_WARN_UNUSED_FUNCTION = YES;
				GCC_WARN_UNUSED_VARIABLE = YES;
				IPHONEOS_DEPLOYMENT_TARGET = 15.5;
				MTL_ENABLE_DEBUG_INFO = INCLUDE_SOURCE;
				MTL_FAST_MATH = YES;
				ONLY_ACTIVE_ARCH = YES;
				SDKROOT = iphoneos;
				SWIFT_ACTIVE_COMPILATION_CONDITIONS = DEBUG;
				SWIFT_OPTIMIZATION_LEVEL = "-Onone";
			};
			name = Debug;
		};
		B83222FF28B7C1D5002C1731 /* Release */ = {
			isa = XCBuildConfiguration;
			buildSettings = {
				ALWAYS_SEARCH_USER_PATHS = NO;
				CLANG_ANALYZER_NONNULL = YES;
				CLANG_ANALYZER_NUMBER_OBJECT_CONVERSION = YES_AGGRESSIVE;
				CLANG_CXX_LANGUAGE_STANDARD = "gnu++17";
				CLANG_ENABLE_MODULES = YES;
				CLANG_ENABLE_OBJC_ARC = YES;
				CLANG_ENABLE_OBJC_WEAK = YES;
				CLANG_WARN_BLOCK_CAPTURE_AUTORELEASING = YES;
				CLANG_WARN_BOOL_CONVERSION = YES;
				CLANG_WARN_COMMA = YES;
				CLANG_WARN_CONSTANT_CONVERSION = YES;
				CLANG_WARN_DEPRECATED_OBJC_IMPLEMENTATIONS = YES;
				CLANG_WARN_DIRECT_OBJC_ISA_USAGE = YES_ERROR;
				CLANG_WARN_DOCUMENTATION_COMMENTS = YES;
				CLANG_WARN_EMPTY_BODY = YES;
				CLANG_WARN_ENUM_CONVERSION = YES;
				CLANG_WARN_INFINITE_RECURSION = YES;
				CLANG_WARN_INT_CONVERSION = YES;
				CLANG_WARN_NON_LITERAL_NULL_CONVERSION = YES;
				CLANG_WARN_OBJC_IMPLICIT_RETAIN_SELF = YES;
				CLANG_WARN_OBJC_LITERAL_CONVERSION = YES;
				CLANG_WARN_OBJC_ROOT_CLASS = YES_ERROR;
				CLANG_WARN_QUOTED_INCLUDE_IN_FRAMEWORK_HEADER = YES;
				CLANG_WARN_RANGE_LOOP_ANALYSIS = YES;
				CLANG_WARN_STRICT_PROTOTYPES = YES;
				CLANG_WARN_SUSPICIOUS_MOVE = YES;
				CLANG_WARN_UNGUARDED_AVAILABILITY = YES_AGGRESSIVE;
				CLANG_WARN_UNREACHABLE_CODE = YES;
				CLANG_WARN__DUPLICATE_METHOD_MATCH = YES;
				COPY_PHASE_STRIP = NO;
				DEBUG_INFORMATION_FORMAT = "dwarf-with-dsym";
				ENABLE_NS_ASSERTIONS = NO;
				ENABLE_STRICT_OBJC_MSGSEND = YES;
				GCC_C_LANGUAGE_STANDARD = gnu11;
				GCC_NO_COMMON_BLOCKS = YES;
				GCC_WARN_64_TO_32_BIT_CONVERSION = YES;
				GCC_WARN_ABOUT_RETURN_TYPE = YES_ERROR;
				GCC_WARN_UNDECLARED_SELECTOR = YES;
				GCC_WARN_UNINITIALIZED_AUTOS = YES_AGGRESSIVE;
				GCC_WARN_UNUSED_FUNCTION = YES;
				GCC_WARN_UNUSED_VARIABLE = YES;
				IPHONEOS_DEPLOYMENT_TARGET = 15.5;
				MTL_ENABLE_DEBUG_INFO = NO;
				MTL_FAST_MATH = YES;
				SDKROOT = iphoneos;
				SWIFT_COMPILATION_MODE = wholemodule;
				SWIFT_OPTIMIZATION_LEVEL = "-O";
				VALIDATE_PRODUCT = YES;
			};
			name = Release;
		};
		B832230128B7C1D5002C1731 /* Debug */ = {
			isa = XCBuildConfiguration;
			baseConfigurationReference = 63345BDD4A06E4118F1A9A73 /* Pods-PokeStats.debug.xcconfig */;
			buildSettings = {
				ASSETCATALOG_COMPILER_APPICON_NAME = AppIcon;
				ASSETCATALOG_COMPILER_GLOBAL_ACCENT_COLOR_NAME = AccentColor;
				CODE_SIGN_STYLE = Automatic;
				CURRENT_PROJECT_VERSION = 1;
				DEVELOPMENT_TEAM = 75D8SF7WAS;
				GENERATE_INFOPLIST_FILE = YES;
				INFOPLIST_FILE = PokeStats/Info.plist;
				INFOPLIST_KEY_UIApplicationSupportsIndirectInputEvents = YES;
				INFOPLIST_KEY_UILaunchStoryboardName = Launch;
				INFOPLIST_KEY_UIMainStoryboardFile = Main;
				INFOPLIST_KEY_UISupportedInterfaceOrientations_iPad = "UIInterfaceOrientationPortrait UIInterfaceOrientationPortraitUpsideDown UIInterfaceOrientationLandscapeLeft UIInterfaceOrientationLandscapeRight";
				INFOPLIST_KEY_UISupportedInterfaceOrientations_iPhone = "UIInterfaceOrientationPortrait UIInterfaceOrientationLandscapeLeft UIInterfaceOrientationLandscapeRight";
				LD_RUNPATH_SEARCH_PATHS = (
					"$(inherited)",
					"@executable_path/Frameworks",
				);
				MARKETING_VERSION = 1.0;
				PRODUCT_BUNDLE_IDENTIFIER = com.tbdg.PokeStats;
				PRODUCT_NAME = "$(TARGET_NAME)";
				SWIFT_EMIT_LOC_STRINGS = YES;
				SWIFT_VERSION = 5.0;
				TARGETED_DEVICE_FAMILY = "1,2";
			};
			name = Debug;
		};
		B832230228B7C1D5002C1731 /* Release */ = {
			isa = XCBuildConfiguration;
			baseConfigurationReference = F837370BB5ADA1063F048031 /* Pods-PokeStats.release.xcconfig */;
			buildSettings = {
				ASSETCATALOG_COMPILER_APPICON_NAME = AppIcon;
				ASSETCATALOG_COMPILER_GLOBAL_ACCENT_COLOR_NAME = AccentColor;
				CODE_SIGN_STYLE = Automatic;
				CURRENT_PROJECT_VERSION = 1;
				DEVELOPMENT_TEAM = 75D8SF7WAS;
				GENERATE_INFOPLIST_FILE = YES;
				INFOPLIST_FILE = PokeStats/Info.plist;
				INFOPLIST_KEY_UIApplicationSupportsIndirectInputEvents = YES;
				INFOPLIST_KEY_UILaunchStoryboardName = Launch;
				INFOPLIST_KEY_UIMainStoryboardFile = Main;
				INFOPLIST_KEY_UISupportedInterfaceOrientations_iPad = "UIInterfaceOrientationPortrait UIInterfaceOrientationPortraitUpsideDown UIInterfaceOrientationLandscapeLeft UIInterfaceOrientationLandscapeRight";
				INFOPLIST_KEY_UISupportedInterfaceOrientations_iPhone = "UIInterfaceOrientationPortrait UIInterfaceOrientationLandscapeLeft UIInterfaceOrientationLandscapeRight";
				LD_RUNPATH_SEARCH_PATHS = (
					"$(inherited)",
					"@executable_path/Frameworks",
				);
				MARKETING_VERSION = 1.0;
				PRODUCT_BUNDLE_IDENTIFIER = com.tbdg.PokeStats;
				PRODUCT_NAME = "$(TARGET_NAME)";
				SWIFT_EMIT_LOC_STRINGS = YES;
				SWIFT_VERSION = 5.0;
				TARGETED_DEVICE_FAMILY = "1,2";
			};
			name = Release;
		};
		B832230428B7C1D5002C1731 /* Debug */ = {
			isa = XCBuildConfiguration;
			baseConfigurationReference = B3CB9D34F173EF112611A2ED /* Pods-PokeStatsTests.debug.xcconfig */;
			buildSettings = {
				ALWAYS_EMBED_SWIFT_STANDARD_LIBRARIES = YES;
				BUNDLE_LOADER = "$(TEST_HOST)";
				CODE_SIGN_STYLE = Automatic;
				CURRENT_PROJECT_VERSION = 1;
				DEVELOPMENT_TEAM = 75D8SF7WAS;
				GENERATE_INFOPLIST_FILE = YES;
				IPHONEOS_DEPLOYMENT_TARGET = 15.5;
				MARKETING_VERSION = 1.0;
				PRODUCT_BUNDLE_IDENTIFIER = com.tbdg.PokeStatsTests;
				PRODUCT_NAME = "$(TARGET_NAME)";
				SWIFT_EMIT_LOC_STRINGS = NO;
				SWIFT_VERSION = 5.0;
				TARGETED_DEVICE_FAMILY = "1,2";
				TEST_HOST = "$(BUILT_PRODUCTS_DIR)/PokeStats.app/PokeStats";
			};
			name = Debug;
		};
		B832230528B7C1D5002C1731 /* Release */ = {
			isa = XCBuildConfiguration;
			baseConfigurationReference = 9D8C4547E6C87017A8CFBFB5 /* Pods-PokeStatsTests.release.xcconfig */;
			buildSettings = {
				ALWAYS_EMBED_SWIFT_STANDARD_LIBRARIES = YES;
				BUNDLE_LOADER = "$(TEST_HOST)";
				CODE_SIGN_STYLE = Automatic;
				CURRENT_PROJECT_VERSION = 1;
				DEVELOPMENT_TEAM = 75D8SF7WAS;
				GENERATE_INFOPLIST_FILE = YES;
				IPHONEOS_DEPLOYMENT_TARGET = 15.5;
				MARKETING_VERSION = 1.0;
				PRODUCT_BUNDLE_IDENTIFIER = com.tbdg.PokeStatsTests;
				PRODUCT_NAME = "$(TARGET_NAME)";
				SWIFT_EMIT_LOC_STRINGS = NO;
				SWIFT_VERSION = 5.0;
				TARGETED_DEVICE_FAMILY = "1,2";
				TEST_HOST = "$(BUILT_PRODUCTS_DIR)/PokeStats.app/PokeStats";
			};
			name = Release;
		};
		B832230728B7C1D5002C1731 /* Debug */ = {
			isa = XCBuildConfiguration;
			baseConfigurationReference = 9F84771D302861AA0F8B3A06 /* Pods-PokeStats-PokeStatsUITests.debug.xcconfig */;
			buildSettings = {
				ALWAYS_EMBED_SWIFT_STANDARD_LIBRARIES = YES;
				CODE_SIGN_STYLE = Automatic;
				CURRENT_PROJECT_VERSION = 1;
				DEVELOPMENT_TEAM = 75D8SF7WAS;
				GENERATE_INFOPLIST_FILE = YES;
				MARKETING_VERSION = 1.0;
				PRODUCT_BUNDLE_IDENTIFIER = com.tbdg.PokeStatsUITests;
				PRODUCT_NAME = "$(TARGET_NAME)";
				SWIFT_EMIT_LOC_STRINGS = NO;
				SWIFT_VERSION = 5.0;
				TARGETED_DEVICE_FAMILY = "1,2";
				TEST_TARGET_NAME = PokeStats;
			};
			name = Debug;
		};
		B832230828B7C1D5002C1731 /* Release */ = {
			isa = XCBuildConfiguration;
			baseConfigurationReference = BC57DCBBFFFC373BC05D84AD /* Pods-PokeStats-PokeStatsUITests.release.xcconfig */;
			buildSettings = {
				ALWAYS_EMBED_SWIFT_STANDARD_LIBRARIES = YES;
				CODE_SIGN_STYLE = Automatic;
				CURRENT_PROJECT_VERSION = 1;
				DEVELOPMENT_TEAM = 75D8SF7WAS;
				GENERATE_INFOPLIST_FILE = YES;
				MARKETING_VERSION = 1.0;
				PRODUCT_BUNDLE_IDENTIFIER = com.tbdg.PokeStatsUITests;
				PRODUCT_NAME = "$(TARGET_NAME)";
				SWIFT_EMIT_LOC_STRINGS = NO;
				SWIFT_VERSION = 5.0;
				TARGETED_DEVICE_FAMILY = "1,2";
				TEST_TARGET_NAME = PokeStats;
			};
			name = Release;
		};
/* End XCBuildConfiguration section */

/* Begin XCConfigurationList section */
		B83222D128B7C1BB002C1731 /* Build configuration list for PBXProject "PokeStats" */ = {
			isa = XCConfigurationList;
			buildConfigurations = (
				B83222FE28B7C1D5002C1731 /* Debug */,
				B83222FF28B7C1D5002C1731 /* Release */,
			);
			defaultConfigurationIsVisible = 0;
			defaultConfigurationName = Release;
		};
		B832230028B7C1D5002C1731 /* Build configuration list for PBXNativeTarget "PokeStats" */ = {
			isa = XCConfigurationList;
			buildConfigurations = (
				B832230128B7C1D5002C1731 /* Debug */,
				B832230228B7C1D5002C1731 /* Release */,
			);
			defaultConfigurationIsVisible = 0;
			defaultConfigurationName = Release;
		};
		B832230328B7C1D5002C1731 /* Build configuration list for PBXNativeTarget "PokeStatsTests" */ = {
			isa = XCConfigurationList;
			buildConfigurations = (
				B832230428B7C1D5002C1731 /* Debug */,
				B832230528B7C1D5002C1731 /* Release */,
			);
			defaultConfigurationIsVisible = 0;
			defaultConfigurationName = Release;
		};
		B832230628B7C1D5002C1731 /* Build configuration list for PBXNativeTarget "PokeStatsUITests" */ = {
			isa = XCConfigurationList;
			buildConfigurations = (
				B832230728B7C1D5002C1731 /* Debug */,
				B832230828B7C1D5002C1731 /* Release */,
			);
			defaultConfigurationIsVisible = 0;
			defaultConfigurationName = Release;
		};
/* End XCConfigurationList section */
	};
	rootObject = B83222CE28B7C1BB002C1731 /* Project object */;
}
